
Microsoft Visual Studio Solution File, Format Version 12.00
# Visual Studio Version 17
VisualStudioVersion = 17.14.36518.9 d17.14
MinimumVisualStudioVersion = 10.0.40219.1
Project("{FAE04EC0-301F-11D3-BF4B-00C04F79EFBC}") = "Primeira_API", "Primeira_API\Primeira_API.csproj", "{CE657CB6-9061-4323-943D-0D34AEAE0F05}"
EndProject
Global
	GlobalSection(SolutionConfigurationPlatforms) = preSolution
		Debug|Any CPU = Debug|Any CPU
		Release|Any CPU = Release|Any CPU
	EndGlobalSection
	GlobalSection(ProjectConfigurationPlatforms) = postSolution
		{CE657CB6-9061-4323-943D-0D34AEAE0F05}.Debug|Any CPU.ActiveCfg = Debug|Any CPU
		{CE657CB6-9061-4323-943D-0D34AEAE0F05}.Debug|Any CPU.Build.0 = Debug|Any CPU
		{CE657CB6-9061-4323-943D-0D34AEAE0F05}.Release|Any CPU.ActiveCfg = Release|Any CPU
		{CE657CB6-9061-4323-943D-0D34AEAE0F05}.Release|Any CPU.Build.0 = Release|Any CPU
	EndGlobalSection
	GlobalSection(SolutionProperties) = preSolution
		HideSolutionNode = FALSE
	EndGlobalSection
	GlobalSection(ExtensibilityGlobals) = postSolution
		SolutionGuid = {FFEDD046-1CD3-41F3-A955-A01DDE8CA807}
	EndGlobalSection
EndGlobal
